
Microsoft Visual Studio Solution File, Format Version 12.00
# Visual Studio 14
VisualStudioVersion = 14.0.25123.0
MinimumVisualStudioVersion = 10.0.40219.1
Project("{FAE04EC0-301F-11D3-BF4B-00C04F79EFBC}") = "Core.Common", "Core.Common\Core.Common.csproj", "{8648A3AD-4253-4408-83C7-4501F4B750F6}"
EndProject
Project("{FAE04EC0-301F-11D3-BF4B-00C04F79EFBC}") = "Core.Common.Contracts", "Core.Common.Contracts\Core.Common.Contracts.csproj", "{5F9B5530-F150-4BF0-9D07-0AD8A4C6EF7D}"
EndProject
Project("{FAE04EC0-301F-11D3-BF4B-00C04F79EFBC}") = "Core.Common.ServiceModel", "Core.Common.ServiceModel\Core.Common.ServiceModel.csproj", "{73FBE0BF-9DB9-498E-8AEF-68210104D0C1}"
EndProject
Global
	GlobalSection(SolutionConfigurationPlatforms) = preSolution
		Debug|Any CPU = Debug|Any CPU
		Release|Any CPU = Release|Any CPU
	EndGlobalSection
	GlobalSection(ProjectConfigurationPlatforms) = postSolution
		{8648A3AD-4253-4408-83C7-4501F4B750F6}.Debug|Any CPU.ActiveCfg = Debug|Any CPU
		{8648A3AD-4253-4408-83C7-4501F4B750F6}.Debug|Any CPU.Build.0 = Debug|Any CPU
		{8648A3AD-4253-4408-83C7-4501F4B750F6}.Release|Any CPU.ActiveCfg = Release|Any CPU
		{8648A3AD-4253-4408-83C7-4501F4B750F6}.Release|Any CPU.Build.0 = Release|Any CPU
		{5F9B5530-F150-4BF0-9D07-0AD8A4C6EF7D}.Debug|Any CPU.ActiveCfg = Debug|Any CPU
		{5F9B5530-F150-4BF0-9D07-0AD8A4C6EF7D}.Debug|Any CPU.Build.0 = Debug|Any CPU
		{5F9B5530-F150-4BF0-9D07-0AD8A4C6EF7D}.Release|Any CPU.ActiveCfg = Release|Any CPU
		{5F9B5530-F150-4BF0-9D07-0AD8A4C6EF7D}.Release|Any CPU.Build.0 = Release|Any CPU
		{73FBE0BF-9DB9-498E-8AEF-68210104D0C1}.Debug|Any CPU.ActiveCfg = Debug|Any CPU
		{73FBE0BF-9DB9-498E-8AEF-68210104D0C1}.Debug|Any CPU.Build.0 = Debug|Any CPU
		{73FBE0BF-9DB9-498E-8AEF-68210104D0C1}.Release|Any CPU.ActiveCfg = Release|Any CPU
		{73FBE0BF-9DB9-498E-8AEF-68210104D0C1}.Release|Any CPU.Build.0 = Release|Any CPU
	EndGlobalSection
	GlobalSection(SolutionProperties) = preSolution
		HideSolutionNode = FALSE
	EndGlobalSection
EndGlobal
