
Microsoft Visual Studio Solution File, Format Version 12.00
# Visual Studio 14
VisualStudioVersion = 14.0.25123.0
MinimumVisualStudioVersion = 10.0.40219.1
Project("{FAE04EC0-301F-11D3-BF4B-00C04F79EFBC}") = "Core.Common", "Core.Common\Core.Common.csproj", "{8648A3AD-4253-4408-83C7-4501F4B750F6}"
EndProject
Project("{FAE04EC0-301F-11D3-BF4B-00C04F79EFBC}") = "Core.Common.Contracts", "Core.Common.Contracts\Core.Common.Contracts.csproj", "{5F9B5530-F150-4BF0-9D07-0AD8A4C6EF7D}"
EndProject
Project("{FAE04EC0-301F-11D3-BF4B-00C04F79EFBC}") = "Core.Common.ServiceModel", "Core.Common.ServiceModel\Core.Common.ServiceModel.csproj", "{73FBE0BF-9DB9-498E-8AEF-68210104D0C1}"
EndProject
Project("{FAE04EC0-301F-11D3-BF4B-00C04F79EFBC}") = "JobMtaani.Business.Entities", "JobMtaani.Business.Entities\JobMtaani.Business.Entities.csproj", "{AE379156-F984-4F60-BDA9-DD0F17F0B7C9}"
EndProject
Project("{FAE04EC0-301F-11D3-BF4B-00C04F79EFBC}") = "JobMtaani.Client.Entities", "JobMtaani.Client.Entities\JobMtaani.Client.Entities.csproj", "{C820ABB4-2EC1-465F-AD48-4501B5BB0537}"
EndProject
Project("{2150E333-8FDC-42A3-9474-1A3956D46DE8}") = "Resource Access", "Resource Access", "{FC89E0FB-A8E7-450E-B5CF-65C94344CC05}"
EndProject
Project("{2150E333-8FDC-42A3-9474-1A3956D46DE8}") = "Business", "Business", "{3483BFD8-ED60-46DF-A4A7-3CEE0FD6597F}"
EndProject
Project("{2150E333-8FDC-42A3-9474-1A3956D46DE8}") = "Client", "Client", "{607FF0E9-6702-4B5F-8E21-14721472BE42}"
EndProject
Project("{2150E333-8FDC-42A3-9474-1A3956D46DE8}") = "Core", "Core", "{AA8A6CF2-01CC-4592-BB5B-BB5E55039F08}"
EndProject
Project("{2150E333-8FDC-42A3-9474-1A3956D46DE8}") = "Tests", "Tests", "{5A142D45-0EE5-419C-B834-38DA6DC9925A}"
EndProject
Project("{FAE04EC0-301F-11D3-BF4B-00C04F79EFBC}") = "JobMtaani.Data", "JobMtaani.Data\JobMtaani.Data.csproj", "{BD07D69C-A52B-4A78-9301-3AC89284C1EE}"
EndProject
Project("{FAE04EC0-301F-11D3-BF4B-00C04F79EFBC}") = "JobMtaani.Data.Contracts", "JobMtaani.Data.Contracts\JobMtaani.Data.Contracts.csproj", "{FEDCD659-ED58-43AA-8A53-D5674A91BE43}"
EndProject
Project("{FAE04EC0-301F-11D3-BF4B-00C04F79EFBC}") = "JobMtaani.Business.Contracts", "JobMtaani.Business.Contracts\JobMtaani.Business.Contracts.csproj", "{728F8F2D-6909-481C-B794-7104846703EE}"
EndProject
Project("{FAE04EC0-301F-11D3-BF4B-00C04F79EFBC}") = "JobMtaani.Business.Managers", "JobMtaani.Business.Managers\JobMtaani.Business.Managers.csproj", "{399510ED-946A-4A97-BEAB-08B6A6E4C85C}"
EndProject
Project("{2150E333-8FDC-42A3-9474-1A3956D46DE8}") = "Common", "Common", "{6F5A141C-9966-4215-B711-97E9383F6D8E}"
EndProject
Project("{FAE04EC0-301F-11D3-BF4B-00C04F79EFBC}") = "JobMtaani.Common", "JobMtaani.Common\JobMtaani.Common.csproj", "{7C6A35E1-37FA-4CBA-8B42-B56CD0CC062E}"
EndProject
Project("{FAE04EC0-301F-11D3-BF4B-00C04F79EFBC}") = "JobMtaani.Common.Contracts", "JobMtaani.Common.Contracts\JobMtaani.Common.Contracts.csproj", "{A99C97E0-D251-4D82-8088-04D9660C3825}"
EndProject
Global
	GlobalSection(SolutionConfigurationPlatforms) = preSolution
		Debug|Any CPU = Debug|Any CPU
		Release|Any CPU = Release|Any CPU
	EndGlobalSection
	GlobalSection(ProjectConfigurationPlatforms) = postSolution
		{8648A3AD-4253-4408-83C7-4501F4B750F6}.Debug|Any CPU.ActiveCfg = Debug|Any CPU
		{8648A3AD-4253-4408-83C7-4501F4B750F6}.Debug|Any CPU.Build.0 = Debug|Any CPU
		{8648A3AD-4253-4408-83C7-4501F4B750F6}.Release|Any CPU.ActiveCfg = Release|Any CPU
		{8648A3AD-4253-4408-83C7-4501F4B750F6}.Release|Any CPU.Build.0 = Release|Any CPU
		{5F9B5530-F150-4BF0-9D07-0AD8A4C6EF7D}.Debug|Any CPU.ActiveCfg = Debug|Any CPU
		{5F9B5530-F150-4BF0-9D07-0AD8A4C6EF7D}.Debug|Any CPU.Build.0 = Debug|Any CPU
		{5F9B5530-F150-4BF0-9D07-0AD8A4C6EF7D}.Release|Any CPU.ActiveCfg = Release|Any CPU
		{5F9B5530-F150-4BF0-9D07-0AD8A4C6EF7D}.Release|Any CPU.Build.0 = Release|Any CPU
		{73FBE0BF-9DB9-498E-8AEF-68210104D0C1}.Debug|Any CPU.ActiveCfg = Debug|Any CPU
		{73FBE0BF-9DB9-498E-8AEF-68210104D0C1}.Debug|Any CPU.Build.0 = Debug|Any CPU
		{73FBE0BF-9DB9-498E-8AEF-68210104D0C1}.Release|Any CPU.ActiveCfg = Release|Any CPU
		{73FBE0BF-9DB9-498E-8AEF-68210104D0C1}.Release|Any CPU.Build.0 = Release|Any CPU
		{AE379156-F984-4F60-BDA9-DD0F17F0B7C9}.Debug|Any CPU.ActiveCfg = Debug|Any CPU
		{AE379156-F984-4F60-BDA9-DD0F17F0B7C9}.Debug|Any CPU.Build.0 = Debug|Any CPU
		{AE379156-F984-4F60-BDA9-DD0F17F0B7C9}.Release|Any CPU.ActiveCfg = Release|Any CPU
		{AE379156-F984-4F60-BDA9-DD0F17F0B7C9}.Release|Any CPU.Build.0 = Release|Any CPU
		{C820ABB4-2EC1-465F-AD48-4501B5BB0537}.Debug|Any CPU.ActiveCfg = Debug|Any CPU
		{C820ABB4-2EC1-465F-AD48-4501B5BB0537}.Debug|Any CPU.Build.0 = Debug|Any CPU
		{C820ABB4-2EC1-465F-AD48-4501B5BB0537}.Release|Any CPU.ActiveCfg = Release|Any CPU
		{C820ABB4-2EC1-465F-AD48-4501B5BB0537}.Release|Any CPU.Build.0 = Release|Any CPU
		{BD07D69C-A52B-4A78-9301-3AC89284C1EE}.Debug|Any CPU.ActiveCfg = Debug|Any CPU
		{BD07D69C-A52B-4A78-9301-3AC89284C1EE}.Debug|Any CPU.Build.0 = Debug|Any CPU
		{BD07D69C-A52B-4A78-9301-3AC89284C1EE}.Release|Any CPU.ActiveCfg = Release|Any CPU
		{BD07D69C-A52B-4A78-9301-3AC89284C1EE}.Release|Any CPU.Build.0 = Release|Any CPU
		{FEDCD659-ED58-43AA-8A53-D5674A91BE43}.Debug|Any CPU.ActiveCfg = Debug|Any CPU
		{FEDCD659-ED58-43AA-8A53-D5674A91BE43}.Debug|Any CPU.Build.0 = Debug|Any CPU
		{FEDCD659-ED58-43AA-8A53-D5674A91BE43}.Release|Any CPU.ActiveCfg = Release|Any CPU
		{FEDCD659-ED58-43AA-8A53-D5674A91BE43}.Release|Any CPU.Build.0 = Release|Any CPU
		{728F8F2D-6909-481C-B794-7104846703EE}.Debug|Any CPU.ActiveCfg = Debug|Any CPU
		{728F8F2D-6909-481C-B794-7104846703EE}.Debug|Any CPU.Build.0 = Debug|Any CPU
		{728F8F2D-6909-481C-B794-7104846703EE}.Release|Any CPU.ActiveCfg = Release|Any CPU
		{728F8F2D-6909-481C-B794-7104846703EE}.Release|Any CPU.Build.0 = Release|Any CPU
		{399510ED-946A-4A97-BEAB-08B6A6E4C85C}.Debug|Any CPU.ActiveCfg = Debug|Any CPU
		{399510ED-946A-4A97-BEAB-08B6A6E4C85C}.Debug|Any CPU.Build.0 = Debug|Any CPU
		{399510ED-946A-4A97-BEAB-08B6A6E4C85C}.Release|Any CPU.ActiveCfg = Release|Any CPU
		{399510ED-946A-4A97-BEAB-08B6A6E4C85C}.Release|Any CPU.Build.0 = Release|Any CPU
		{7C6A35E1-37FA-4CBA-8B42-B56CD0CC062E}.Debug|Any CPU.ActiveCfg = Debug|Any CPU
		{7C6A35E1-37FA-4CBA-8B42-B56CD0CC062E}.Debug|Any CPU.Build.0 = Debug|Any CPU
		{7C6A35E1-37FA-4CBA-8B42-B56CD0CC062E}.Release|Any CPU.ActiveCfg = Release|Any CPU
		{7C6A35E1-37FA-4CBA-8B42-B56CD0CC062E}.Release|Any CPU.Build.0 = Release|Any CPU
		{A99C97E0-D251-4D82-8088-04D9660C3825}.Debug|Any CPU.ActiveCfg = Debug|Any CPU
		{A99C97E0-D251-4D82-8088-04D9660C3825}.Debug|Any CPU.Build.0 = Debug|Any CPU
		{A99C97E0-D251-4D82-8088-04D9660C3825}.Release|Any CPU.ActiveCfg = Release|Any CPU
		{A99C97E0-D251-4D82-8088-04D9660C3825}.Release|Any CPU.Build.0 = Release|Any CPU
	EndGlobalSection
	GlobalSection(SolutionProperties) = preSolution
		HideSolutionNode = FALSE
	EndGlobalSection
	GlobalSection(NestedProjects) = preSolution
		{8648A3AD-4253-4408-83C7-4501F4B750F6} = {AA8A6CF2-01CC-4592-BB5B-BB5E55039F08}
		{5F9B5530-F150-4BF0-9D07-0AD8A4C6EF7D} = {AA8A6CF2-01CC-4592-BB5B-BB5E55039F08}
		{73FBE0BF-9DB9-498E-8AEF-68210104D0C1} = {AA8A6CF2-01CC-4592-BB5B-BB5E55039F08}
		{AE379156-F984-4F60-BDA9-DD0F17F0B7C9} = {3483BFD8-ED60-46DF-A4A7-3CEE0FD6597F}
		{C820ABB4-2EC1-465F-AD48-4501B5BB0537} = {607FF0E9-6702-4B5F-8E21-14721472BE42}
		{BD07D69C-A52B-4A78-9301-3AC89284C1EE} = {FC89E0FB-A8E7-450E-B5CF-65C94344CC05}
		{FEDCD659-ED58-43AA-8A53-D5674A91BE43} = {FC89E0FB-A8E7-450E-B5CF-65C94344CC05}
		{728F8F2D-6909-481C-B794-7104846703EE} = {3483BFD8-ED60-46DF-A4A7-3CEE0FD6597F}
		{399510ED-946A-4A97-BEAB-08B6A6E4C85C} = {3483BFD8-ED60-46DF-A4A7-3CEE0FD6597F}
		{7C6A35E1-37FA-4CBA-8B42-B56CD0CC062E} = {6F5A141C-9966-4215-B711-97E9383F6D8E}
		{A99C97E0-D251-4D82-8088-04D9660C3825} = {6F5A141C-9966-4215-B711-97E9383F6D8E}
	EndGlobalSection
EndGlobal
